
Microsoft Visual Studio Solution File, Format Version 12.00
Project("{2150E333-8FDC-42A3-9474-1A3956D46DE8}") = "doc", "doc", "{2F7CDF07-5067-4922-8A74-D55CF02DF04F}"
EndProject
Project("{2150E333-8FDC-42A3-9474-1A3956D46DE8}") = "src", "src", "{E372A617-F099-4F97-9887-AB88DFBBA9F1}"
EndProject
Project("{2150E333-8FDC-42A3-9474-1A3956D46DE8}") = "test", "test", "{9F5EC0B5-7634-4814-B880-90644F20D22B}"
EndProject
Project("{FAE04EC0-301F-11D3-BF4B-00C04F79EFBC}") = "MYRAY.Api", "src\MYRAY.Api\MYRAY.Api.csproj", "{42FB3D0F-C1E0-433C-B384-EB87980AF3B2}"
EndProject
Project("{FAE04EC0-301F-11D3-BF4B-00C04F79EFBC}") = "MYRAY.Business", "src\MYRAY.Business\MYRAY.Business.csproj", "{A346DBE2-6668-49F2-AC4B-52EE53D85B62}"
EndProject
Project("{FAE04EC0-301F-11D3-BF4B-00C04F79EFBC}") = "MYRAY.DataTier", "src\MYRAY.DataTier\MYRAY.DataTier.csproj", "{D33A28DE-F752-4385-A451-499FADE4FD82}"
EndProject
Global
	GlobalSection(SolutionConfigurationPlatforms) = preSolution
		Debug|Any CPU = Debug|Any CPU
		Release|Any CPU = Release|Any CPU
	EndGlobalSection
	GlobalSection(NestedProjects) = preSolution
		{42FB3D0F-C1E0-433C-B384-EB87980AF3B2} = {E372A617-F099-4F97-9887-AB88DFBBA9F1}
		{A346DBE2-6668-49F2-AC4B-52EE53D85B62} = {E372A617-F099-4F97-9887-AB88DFBBA9F1}
		{D33A28DE-F752-4385-A451-499FADE4FD82} = {E372A617-F099-4F97-9887-AB88DFBBA9F1}
	EndGlobalSection
	GlobalSection(ProjectConfigurationPlatforms) = postSolution
		{42FB3D0F-C1E0-433C-B384-EB87980AF3B2}.Debug|Any CPU.ActiveCfg = Debug|Any CPU
		{42FB3D0F-C1E0-433C-B384-EB87980AF3B2}.Debug|Any CPU.Build.0 = Debug|Any CPU
		{A346DBE2-6668-49F2-AC4B-52EE53D85B62}.Debug|Any CPU.ActiveCfg = Debug|Any CPU
		{A346DBE2-6668-49F2-AC4B-52EE53D85B62}.Debug|Any CPU.Build.0 = Debug|Any CPU
		{A346DBE2-6668-49F2-AC4B-52EE53D85B62}.Release|Any CPU.ActiveCfg = Release|Any CPU
		{A346DBE2-6668-49F2-AC4B-52EE53D85B62}.Release|Any CPU.Build.0 = Release|Any CPU
		{D33A28DE-F752-4385-A451-499FADE4FD82}.Debug|Any CPU.ActiveCfg = Debug|Any CPU
		{D33A28DE-F752-4385-A451-499FADE4FD82}.Debug|Any CPU.Build.0 = Debug|Any CPU
		{D33A28DE-F752-4385-A451-499FADE4FD82}.Release|Any CPU.ActiveCfg = Release|Any CPU
		{D33A28DE-F752-4385-A451-499FADE4FD82}.Release|Any CPU.Build.0 = Release|Any CPU
	EndGlobalSection
EndGlobal
